// !$*UTF8*$!
{
	archiveVersion = 1;
	classes = {
	};
	objectVersion = 51;
	objects = {

/* Begin PBXBuildFile section */
		75CE21DA2353A6A1007B1196 /* PracticeViewController.swift in Sources */ = {isa = PBXBuildFile; fileRef = 75CE21D92353A6A1007B1196 /* PracticeViewController.swift */; };
		75CE21DC2353EAB8007B1196 /* ArrayState.swift in Sources */ = {isa = PBXBuildFile; fileRef = 75CE21DB2353EAB8007B1196 /* ArrayState.swift */; };
		9B3B114C015552BA4D28E105 /* Pods_BeagleSort.framework in Frameworks */ = {isa = PBXBuildFile; fileRef = E2F9480C4A7D7030D6FF3965 /* Pods_BeagleSort.framework */; };
		9D683EAA234B8C6B0060ECDE /* AppDelegate.swift in Sources */ = {isa = PBXBuildFile; fileRef = 9D683EA9234B8C6B0060ECDE /* AppDelegate.swift */; };
		9D683EAC234B8C6B0060ECDE /* ViewController.swift in Sources */ = {isa = PBXBuildFile; fileRef = 9D683EAB234B8C6B0060ECDE /* ViewController.swift */; };
		9D683EAF234B8C6B0060ECDE /* Main.storyboard in Resources */ = {isa = PBXBuildFile; fileRef = 9D683EAD234B8C6B0060ECDE /* Main.storyboard */; };
		9D683EB1234B8C6E0060ECDE /* Assets.xcassets in Resources */ = {isa = PBXBuildFile; fileRef = 9D683EB0234B8C6E0060ECDE /* Assets.xcassets */; };
		9D683EB4234B8C6E0060ECDE /* LaunchScreen.storyboard in Resources */ = {isa = PBXBuildFile; fileRef = 9D683EB2234B8C6E0060ECDE /* LaunchScreen.storyboard */; };
		9DC3130F23512F0500A6195E /* AlgorithmAnimation.swift in Sources */ = {isa = PBXBuildFile; fileRef = 9DC3130E23512F0500A6195E /* AlgorithmAnimation.swift */; };
		9DC313112351931C00A6195E /* DemonstrationViewController.swift in Sources */ = {isa = PBXBuildFile; fileRef = 9DC313102351931C00A6195E /* DemonstrationViewController.swift */; };
		9DC31313235201A700A6195E /* AlgorithmViewController.swift in Sources */ = {isa = PBXBuildFile; fileRef = 9DC31312235201A700A6195E /* AlgorithmViewController.swift */; };
		9DC31315235416BF00A6195E /* AlgorithmStep.swift in Sources */ = {isa = PBXBuildFile; fileRef = 9DC31314235416BF00A6195E /* AlgorithmStep.swift */; };
		9DC3131723541E7F00A6195E /* Comparison.swift in Sources */ = {isa = PBXBuildFile; fileRef = 9DC3131623541E7F00A6195E /* Comparison.swift */; };
		9DC3131923541EE900A6195E /* Transition.swift in Sources */ = {isa = PBXBuildFile; fileRef = 9DC3131823541EE900A6195E /* Transition.swift */; };
		9E8B2D662363AC20007D122B /* GoogleService-Info.plist in Resources */ = {isa = PBXBuildFile; fileRef = 9E8B2D652363AC20007D122B /* GoogleService-Info.plist */; };
		9EA43B8F234FF5F5008DC827 /* StylesHelper.swift in Sources */ = {isa = PBXBuildFile; fileRef = 9EA43B8E234FF5F5008DC827 /* StylesHelper.swift */; };
		9EA43B91234FF8C7008DC827 /* AlgorithmTableViewCell.swift in Sources */ = {isa = PBXBuildFile; fileRef = 9EA43B90234FF8C7008DC827 /* AlgorithmTableViewCell.swift */; };
		9EA43B93234FF92E008DC827 /* AlgorithmListViewController.swift in Sources */ = {isa = PBXBuildFile; fileRef = 9EA43B92234FF92E008DC827 /* AlgorithmListViewController.swift */; };
		9EA43B95234FF9BE008DC827 /* Algorithm.swift in Sources */ = {isa = PBXBuildFile; fileRef = 9EA43B94234FF9BE008DC827 /* Algorithm.swift */; };
		9EA43B98234FFC2A008DC827 /* BubbleSort.swift in Sources */ = {isa = PBXBuildFile; fileRef = 9EA43B97234FFC2A008DC827 /* BubbleSort.swift */; };
		9EF3F84E2363B4C6006ED88A /* LoginViewController.swift in Sources */ = {isa = PBXBuildFile; fileRef = 9EF3F84D2363B4C6006ED88A /* LoginViewController.swift */; };
		9EF3F8502363B4D5006ED88A /* CreateUserViewController.swift in Sources */ = {isa = PBXBuildFile; fileRef = 9EF3F84F2363B4D5006ED88A /* CreateUserViewController.swift */; };
		9EF3F8522363B4DD006ED88A /* LobbyViewController.swift in Sources */ = {isa = PBXBuildFile; fileRef = 9EF3F8512363B4DD006ED88A /* LobbyViewController.swift */; };
		9EF3F8542364FFA3006ED88A /* GameViewController.swift in Sources */ = {isa = PBXBuildFile; fileRef = 9EF3F8532364FFA3006ED88A /* GameViewController.swift */; };
/* End PBXBuildFile section */

/* Begin PBXFileReference section */
		75CE21D92353A6A1007B1196 /* PracticeViewController.swift */ = {isa = PBXFileReference; lastKnownFileType = sourcecode.swift; path = PracticeViewController.swift; sourceTree = "<group>"; };
		75CE21DB2353EAB8007B1196 /* ArrayState.swift */ = {isa = PBXFileReference; lastKnownFileType = sourcecode.swift; path = ArrayState.swift; sourceTree = "<group>"; };
		896EBE0B9109963D8CF3545C /* Pods-BeagleSort.release.xcconfig */ = {isa = PBXFileReference; includeInIndex = 1; lastKnownFileType = text.xcconfig; name = "Pods-BeagleSort.release.xcconfig"; path = "Target Support Files/Pods-BeagleSort/Pods-BeagleSort.release.xcconfig"; sourceTree = "<group>"; };
		93DE64FBE60ADBA17002FE40 /* Pods-BeagleSort.debug.xcconfig */ = {isa = PBXFileReference; includeInIndex = 1; lastKnownFileType = text.xcconfig; name = "Pods-BeagleSort.debug.xcconfig"; path = "Target Support Files/Pods-BeagleSort/Pods-BeagleSort.debug.xcconfig"; sourceTree = "<group>"; };
		9D683EA6234B8C6B0060ECDE /* BeagleSort.app */ = {isa = PBXFileReference; explicitFileType = wrapper.application; includeInIndex = 0; path = BeagleSort.app; sourceTree = BUILT_PRODUCTS_DIR; };
		9D683EA9234B8C6B0060ECDE /* AppDelegate.swift */ = {isa = PBXFileReference; lastKnownFileType = sourcecode.swift; path = AppDelegate.swift; sourceTree = "<group>"; };
		9D683EAB234B8C6B0060ECDE /* ViewController.swift */ = {isa = PBXFileReference; lastKnownFileType = sourcecode.swift; path = ViewController.swift; sourceTree = "<group>"; };
		9D683EAE234B8C6B0060ECDE /* Base */ = {isa = PBXFileReference; lastKnownFileType = file.storyboard; name = Base; path = Base.lproj/Main.storyboard; sourceTree = "<group>"; };
		9D683EB0234B8C6E0060ECDE /* Assets.xcassets */ = {isa = PBXFileReference; lastKnownFileType = folder.assetcatalog; path = Assets.xcassets; sourceTree = "<group>"; };
		9D683EB3234B8C6E0060ECDE /* Base */ = {isa = PBXFileReference; lastKnownFileType = file.storyboard; name = Base; path = Base.lproj/LaunchScreen.storyboard; sourceTree = "<group>"; };
		9D683EB5234B8C6E0060ECDE /* Info.plist */ = {isa = PBXFileReference; lastKnownFileType = text.plist.xml; path = Info.plist; sourceTree = "<group>"; };
		9DC3130E23512F0500A6195E /* AlgorithmAnimation.swift */ = {isa = PBXFileReference; lastKnownFileType = sourcecode.swift; path = AlgorithmAnimation.swift; sourceTree = "<group>"; };
		9DC313102351931C00A6195E /* DemonstrationViewController.swift */ = {isa = PBXFileReference; lastKnownFileType = sourcecode.swift; path = DemonstrationViewController.swift; sourceTree = "<group>"; };
		9DC31312235201A700A6195E /* AlgorithmViewController.swift */ = {isa = PBXFileReference; lastKnownFileType = sourcecode.swift; path = AlgorithmViewController.swift; sourceTree = "<group>"; };
		9DC31314235416BF00A6195E /* AlgorithmStep.swift */ = {isa = PBXFileReference; lastKnownFileType = sourcecode.swift; path = AlgorithmStep.swift; sourceTree = "<group>"; };
		9DC3131623541E7F00A6195E /* Comparison.swift */ = {isa = PBXFileReference; lastKnownFileType = sourcecode.swift; path = Comparison.swift; sourceTree = "<group>"; };
		9DC3131823541EE900A6195E /* Transition.swift */ = {isa = PBXFileReference; lastKnownFileType = sourcecode.swift; path = Transition.swift; sourceTree = "<group>"; };
		9E8B2D652363AC20007D122B /* GoogleService-Info.plist */ = {isa = PBXFileReference; fileEncoding = 4; lastKnownFileType = text.plist.xml; name = "GoogleService-Info.plist"; path = "../../../Downloads/GoogleService-Info.plist"; sourceTree = "<group>"; };
		9EA43B8E234FF5F5008DC827 /* StylesHelper.swift */ = {isa = PBXFileReference; lastKnownFileType = sourcecode.swift; path = StylesHelper.swift; sourceTree = "<group>"; };
		9EA43B90234FF8C7008DC827 /* AlgorithmTableViewCell.swift */ = {isa = PBXFileReference; lastKnownFileType = sourcecode.swift; path = AlgorithmTableViewCell.swift; sourceTree = "<group>"; };
		9EA43B92234FF92E008DC827 /* AlgorithmListViewController.swift */ = {isa = PBXFileReference; lastKnownFileType = sourcecode.swift; path = AlgorithmListViewController.swift; sourceTree = "<group>"; };
		9EA43B94234FF9BE008DC827 /* Algorithm.swift */ = {isa = PBXFileReference; lastKnownFileType = sourcecode.swift; path = Algorithm.swift; sourceTree = "<group>"; };
		9EA43B97234FFC2A008DC827 /* BubbleSort.swift */ = {isa = PBXFileReference; lastKnownFileType = sourcecode.swift; path = BubbleSort.swift; sourceTree = "<group>"; };
		9EF3F84D2363B4C6006ED88A /* LoginViewController.swift */ = {isa = PBXFileReference; lastKnownFileType = sourcecode.swift; path = LoginViewController.swift; sourceTree = "<group>"; };
		9EF3F84F2363B4D5006ED88A /* CreateUserViewController.swift */ = {isa = PBXFileReference; lastKnownFileType = sourcecode.swift; path = CreateUserViewController.swift; sourceTree = "<group>"; };
		9EF3F8512363B4DD006ED88A /* LobbyViewController.swift */ = {isa = PBXFileReference; lastKnownFileType = sourcecode.swift; path = LobbyViewController.swift; sourceTree = "<group>"; };
		9EF3F8532364FFA3006ED88A /* GameViewController.swift */ = {isa = PBXFileReference; lastKnownFileType = sourcecode.swift; path = GameViewController.swift; sourceTree = "<group>"; };
		E2F9480C4A7D7030D6FF3965 /* Pods_BeagleSort.framework */ = {isa = PBXFileReference; explicitFileType = wrapper.framework; includeInIndex = 0; path = Pods_BeagleSort.framework; sourceTree = BUILT_PRODUCTS_DIR; };
/* End PBXFileReference section */

/* Begin PBXFrameworksBuildPhase section */
		9D683EA3234B8C6B0060ECDE /* Frameworks */ = {
			isa = PBXFrameworksBuildPhase;
			buildActionMask = 2147483647;
			files = (
				9B3B114C015552BA4D28E105 /* Pods_BeagleSort.framework in Frameworks */,
			);
			runOnlyForDeploymentPostprocessing = 0;
		};
/* End PBXFrameworksBuildPhase section */

/* Begin PBXGroup section */
		446CE6D2C27C7E41433D1E32 /* Frameworks */ = {
			isa = PBXGroup;
			children = (
				E2F9480C4A7D7030D6FF3965 /* Pods_BeagleSort.framework */,
			);
			name = Frameworks;
			sourceTree = "<group>";
		};
		5FBB6F00338AF1CCE6FED22E /* Pods */ = {
			isa = PBXGroup;
			children = (
				93DE64FBE60ADBA17002FE40 /* Pods-BeagleSort.debug.xcconfig */,
				896EBE0B9109963D8CF3545C /* Pods-BeagleSort.release.xcconfig */,
			);
			path = Pods;
			sourceTree = "<group>";
		};
		9D683E9D234B8C6B0060ECDE = {
			isa = PBXGroup;
			children = (
				9D683EA8234B8C6B0060ECDE /* BeagleSort */,
				9D683EA7234B8C6B0060ECDE /* Products */,
				5FBB6F00338AF1CCE6FED22E /* Pods */,
				446CE6D2C27C7E41433D1E32 /* Frameworks */,
			);
			sourceTree = "<group>";
		};
		9D683EA7234B8C6B0060ECDE /* Products */ = {
			isa = PBXGroup;
			children = (
				9D683EA6234B8C6B0060ECDE /* BeagleSort.app */,
			);
			name = Products;
			sourceTree = "<group>";
		};
		9D683EA8234B8C6B0060ECDE /* BeagleSort */ = {
			isa = PBXGroup;
			children = (
				9EA43B96234FFC1D008DC827 /* algorithms */,
				9D683EA9234B8C6B0060ECDE /* AppDelegate.swift */,
				9D683EAB234B8C6B0060ECDE /* ViewController.swift */,
				9D683EAD234B8C6B0060ECDE /* Main.storyboard */,
				9EF3F84D2363B4C6006ED88A /* LoginViewController.swift */,
				75CE21DB2353EAB8007B1196 /* ArrayState.swift */,
				75CE21D92353A6A1007B1196 /* PracticeViewController.swift */,
				9DC31312235201A700A6195E /* AlgorithmViewController.swift */,
				9DC313102351931C00A6195E /* DemonstrationViewController.swift */,
				9D683EB0234B8C6E0060ECDE /* Assets.xcassets */,
				9D683EB2234B8C6E0060ECDE /* LaunchScreen.storyboard */,
				9D683EB5234B8C6E0060ECDE /* Info.plist */,
				9EA43B8E234FF5F5008DC827 /* StylesHelper.swift */,
				9EA43B90234FF8C7008DC827 /* AlgorithmTableViewCell.swift */,
				9EA43B92234FF92E008DC827 /* AlgorithmListViewController.swift */,
				9E8B2D652363AC20007D122B /* GoogleService-Info.plist */,
				9EA43B94234FF9BE008DC827 /* Algorithm.swift */,
				9DC31314235416BF00A6195E /* AlgorithmStep.swift */,
				9DC3131623541E7F00A6195E /* Comparison.swift */,
				9DC3131823541EE900A6195E /* Transition.swift */,
				9DC3130E23512F0500A6195E /* AlgorithmAnimation.swift */,
				9EF3F84F2363B4D5006ED88A /* CreateUserViewController.swift */,
				9EF3F8512363B4DD006ED88A /* LobbyViewController.swift */,
				9EF3F8532364FFA3006ED88A /* GameViewController.swift */,
			);
			path = BeagleSort;
			sourceTree = "<group>";
		};
		9EA43B96234FFC1D008DC827 /* algorithms */ = {
			isa = PBXGroup;
			children = (
				9EA43B97234FFC2A008DC827 /* BubbleSort.swift */,
			);
			path = algorithms;
			sourceTree = "<group>";
		};
/* End PBXGroup section */

/* Begin PBXNativeTarget section */
		9D683EA5234B8C6B0060ECDE /* BeagleSort */ = {
			isa = PBXNativeTarget;
			buildConfigurationList = 9D683EB8234B8C6E0060ECDE /* Build configuration list for PBXNativeTarget "BeagleSort" */;
			buildPhases = (
				C6B6C25A71683186EDB7A6C5 /* [CP] Check Pods Manifest.lock */,
				9D683EA2234B8C6B0060ECDE /* Sources */,
				9D683EA3234B8C6B0060ECDE /* Frameworks */,
				9D683EA4234B8C6B0060ECDE /* Resources */,
				1457978BF6C419920550FFDF /* [CP] Embed Pods Frameworks */,
			);
			buildRules = (
			);
			dependencies = (
			);
			name = BeagleSort;
			productName = BeagleSort;
			productReference = 9D683EA6234B8C6B0060ECDE /* BeagleSort.app */;
			productType = "com.apple.product-type.application";
		};
/* End PBXNativeTarget section */

/* Begin PBXProject section */
		9D683E9E234B8C6B0060ECDE /* Project object */ = {
			isa = PBXProject;
			attributes = {
				LastSwiftUpdateCheck = 0940;
				LastUpgradeCheck = 0940;
				ORGANIZATIONNAME = WichoInc;
				TargetAttributes = {
					9D683EA5234B8C6B0060ECDE = {
						CreatedOnToolsVersion = 9.4.1;
					};
				};
			};
			buildConfigurationList = 9D683EA1234B8C6B0060ECDE /* Build configuration list for PBXProject "BeagleSort" */;
			compatibilityVersion = "Xcode 9.3";
			developmentRegion = en;
			hasScannedForEncodings = 0;
			knownRegions = (
				en,
				Base,
			);
			mainGroup = 9D683E9D234B8C6B0060ECDE;
			productRefGroup = 9D683EA7234B8C6B0060ECDE /* Products */;
			projectDirPath = "";
			projectRoot = "";
			targets = (
				9D683EA5234B8C6B0060ECDE /* BeagleSort */,
			);
		};
/* End PBXProject section */

/* Begin PBXResourcesBuildPhase section */
		9D683EA4234B8C6B0060ECDE /* Resources */ = {
			isa = PBXResourcesBuildPhase;
			buildActionMask = 2147483647;
			files = (
				9D683EB4234B8C6E0060ECDE /* LaunchScreen.storyboard in Resources */,
				9E8B2D662363AC20007D122B /* GoogleService-Info.plist in Resources */,
				9D683EB1234B8C6E0060ECDE /* Assets.xcassets in Resources */,
				9D683EAF234B8C6B0060ECDE /* Main.storyboard in Resources */,
			);
			runOnlyForDeploymentPostprocessing = 0;
		};
/* End PBXResourcesBuildPhase section */

/* Begin PBXShellScriptBuildPhase section */
		1457978BF6C419920550FFDF /* [CP] Embed Pods Frameworks */ = {
			isa = PBXShellScriptBuildPhase;
			buildActionMask = 2147483647;
			files = (
			);
			inputFileListPaths = (
				"${PODS_ROOT}/Target Support Files/Pods-BeagleSort/Pods-BeagleSort-frameworks-${CONFIGURATION}-input-files.xcfilelist",
			);
			name = "[CP] Embed Pods Frameworks";
			outputFileListPaths = (
				"${PODS_ROOT}/Target Support Files/Pods-BeagleSort/Pods-BeagleSort-frameworks-${CONFIGURATION}-output-files.xcfilelist",
			);
			runOnlyForDeploymentPostprocessing = 0;
			shellPath = /bin/sh;
			shellScript = "\"${PODS_ROOT}/Target Support Files/Pods-BeagleSort/Pods-BeagleSort-frameworks.sh\"\n";
			showEnvVarsInLog = 0;
		};
		C6B6C25A71683186EDB7A6C5 /* [CP] Check Pods Manifest.lock */ = {
			isa = PBXShellScriptBuildPhase;
			buildActionMask = 2147483647;
			files = (
			);
			inputFileListPaths = (
			);
			inputPaths = (
				"${PODS_PODFILE_DIR_PATH}/Podfile.lock",
				"${PODS_ROOT}/Manifest.lock",
			);
			name = "[CP] Check Pods Manifest.lock";
			outputFileListPaths = (
			);
			outputPaths = (
				"$(DERIVED_FILE_DIR)/Pods-BeagleSort-checkManifestLockResult.txt",
			);
			runOnlyForDeploymentPostprocessing = 0;
			shellPath = /bin/sh;
			shellScript = "diff \"${PODS_PODFILE_DIR_PATH}/Podfile.lock\" \"${PODS_ROOT}/Manifest.lock\" > /dev/null\nif [ $? != 0 ] ; then\n    # print error to STDERR\n    echo \"error: The sandbox is not in sync with the Podfile.lock. Run 'pod install' or update your CocoaPods installation.\" >&2\n    exit 1\nfi\n# This output is used by Xcode 'outputs' to avoid re-running this script phase.\necho \"SUCCESS\" > \"${SCRIPT_OUTPUT_FILE_0}\"\n";
			showEnvVarsInLog = 0;
		};
/* End PBXShellScriptBuildPhase section */

/* Begin PBXSourcesBuildPhase section */
		9D683EA2234B8C6B0060ECDE /* Sources */ = {
			isa = PBXSourcesBuildPhase;
			buildActionMask = 2147483647;
			files = (
				9DC3131923541EE900A6195E /* Transition.swift in Sources */,
				75CE21DA2353A6A1007B1196 /* PracticeViewController.swift in Sources */,
				9DC31313235201A700A6195E /* AlgorithmViewController.swift in Sources */,
				9D683EAC234B8C6B0060ECDE /* ViewController.swift in Sources */,
				9DC313112351931C00A6195E /* DemonstrationViewController.swift in Sources */,
				9EA43B95234FF9BE008DC827 /* Algorithm.swift in Sources */,
				9DC3130F23512F0500A6195E /* AlgorithmAnimation.swift in Sources */,
				9EA43B91234FF8C7008DC827 /* AlgorithmTableViewCell.swift in Sources */,
				9EF3F8542364FFA3006ED88A /* GameViewController.swift in Sources */,
				75CE21DC2353EAB8007B1196 /* ArrayState.swift in Sources */,
				9EA43B8F234FF5F5008DC827 /* StylesHelper.swift in Sources */,
				9EF3F8502363B4D5006ED88A /* CreateUserViewController.swift in Sources */,
				9EA43B93234FF92E008DC827 /* AlgorithmListViewController.swift in Sources */,
				9EA43B98234FFC2A008DC827 /* BubbleSort.swift in Sources */,
				9EF3F84E2363B4C6006ED88A /* LoginViewController.swift in Sources */,
				9D683EAA234B8C6B0060ECDE /* AppDelegate.swift in Sources */,
				9EF3F8522363B4DD006ED88A /* LobbyViewController.swift in Sources */,
				9DC3131723541E7F00A6195E /* Comparison.swift in Sources */,
				9DC31315235416BF00A6195E /* AlgorithmStep.swift in Sources */,
			);
			runOnlyForDeploymentPostprocessing = 0;
		};
/* End PBXSourcesBuildPhase section */

/* Begin PBXVariantGroup section */
		9D683EAD234B8C6B0060ECDE /* Main.storyboard */ = {
			isa = PBXVariantGroup;
			children = (
				9D683EAE234B8C6B0060ECDE /* Base */,
			);
			name = Main.storyboard;
			sourceTree = "<group>";
		};
		9D683EB2234B8C6E0060ECDE /* LaunchScreen.storyboard */ = {
			isa = PBXVariantGroup;
			children = (
				9D683EB3234B8C6E0060ECDE /* Base */,
			);
			name = LaunchScreen.storyboard;
			sourceTree = "<group>";
		};
/* End PBXVariantGroup section */

/* Begin XCBuildConfiguration section */
		9D683EB6234B8C6E0060ECDE /* Debug */ = {
			isa = XCBuildConfiguration;
			buildSettings = {
				ALWAYS_SEARCH_USER_PATHS = NO;
				CLANG_ANALYZER_NONNULL = YES;
				CLANG_ANALYZER_NUMBER_OBJECT_CONVERSION = YES_AGGRESSIVE;
				CLANG_CXX_LANGUAGE_STANDARD = "gnu++14";
				CLANG_CXX_LIBRARY = "libc++";
				CLANG_ENABLE_MODULES = YES;
				CLANG_ENABLE_OBJC_ARC = YES;
				CLANG_ENABLE_OBJC_WEAK = YES;
				CLANG_WARN_BLOCK_CAPTURE_AUTORELEASING = YES;
				CLANG_WARN_BOOL_CONVERSION = YES;
				CLANG_WARN_COMMA = YES;
				CLANG_WARN_CONSTANT_CONVERSION = YES;
				CLANG_WARN_DEPRECATED_OBJC_IMPLEMENTATIONS = YES;
				CLANG_WARN_DIRECT_OBJC_ISA_USAGE = YES_ERROR;
				CLANG_WARN_DOCUMENTATION_COMMENTS = YES;
				CLANG_WARN_EMPTY_BODY = YES;
				CLANG_WARN_ENUM_CONVERSION = YES;
				CLANG_WARN_INFINITE_RECURSION = YES;
				CLANG_WARN_INT_CONVERSION = YES;
				CLANG_WARN_NON_LITERAL_NULL_CONVERSION = YES;
				CLANG_WARN_OBJC_IMPLICIT_RETAIN_SELF = YES;
				CLANG_WARN_OBJC_LITERAL_CONVERSION = YES;
				CLANG_WARN_OBJC_ROOT_CLASS = YES_ERROR;
				CLANG_WARN_RANGE_LOOP_ANALYSIS = YES;
				CLANG_WARN_STRICT_PROTOTYPES = YES;
				CLANG_WARN_SUSPICIOUS_MOVE = YES;
				CLANG_WARN_UNGUARDED_AVAILABILITY = YES_AGGRESSIVE;
				CLANG_WARN_UNREACHABLE_CODE = YES;
				CLANG_WARN__DUPLICATE_METHOD_MATCH = YES;
				CODE_SIGN_IDENTITY = "iPhone Developer";
				COPY_PHASE_STRIP = NO;
				DEBUG_INFORMATION_FORMAT = dwarf;
				ENABLE_STRICT_OBJC_MSGSEND = YES;
				ENABLE_TESTABILITY = YES;
				GCC_C_LANGUAGE_STANDARD = gnu11;
				GCC_DYNAMIC_NO_PIC = NO;
				GCC_NO_COMMON_BLOCKS = YES;
				GCC_OPTIMIZATION_LEVEL = 0;
				GCC_PREPROCESSOR_DEFINITIONS = (
					"DEBUG=1",
					"$(inherited)",
				);
				GCC_WARN_64_TO_32_BIT_CONVERSION = YES;
				GCC_WARN_ABOUT_RETURN_TYPE = YES_ERROR;
				GCC_WARN_UNDECLARED_SELECTOR = YES;
				GCC_WARN_UNINITIALIZED_AUTOS = YES_AGGRESSIVE;
				GCC_WARN_UNUSED_FUNCTION = YES;
				GCC_WARN_UNUSED_VARIABLE = YES;
				IPHONEOS_DEPLOYMENT_TARGET = 11.4;
				MTL_ENABLE_DEBUG_INFO = YES;
				ONLY_ACTIVE_ARCH = YES;
				SDKROOT = iphoneos;
				SWIFT_ACTIVE_COMPILATION_CONDITIONS = DEBUG;
				SWIFT_OPTIMIZATION_LEVEL = "-Onone";
			};
			name = Debug;
		};
		9D683EB7234B8C6E0060ECDE /* Release */ = {
			isa = XCBuildConfiguration;
			buildSettings = {
				ALWAYS_SEARCH_USER_PATHS = NO;
				CLANG_ANALYZER_NONNULL = YES;
				CLANG_ANALYZER_NUMBER_OBJECT_CONVERSION = YES_AGGRESSIVE;
				CLANG_CXX_LANGUAGE_STANDARD = "gnu++14";
				CLANG_CXX_LIBRARY = "libc++";
				CLANG_ENABLE_MODULES = YES;
				CLANG_ENABLE_OBJC_ARC = YES;
				CLANG_ENABLE_OBJC_WEAK = YES;
				CLANG_WARN_BLOCK_CAPTURE_AUTORELEASING = YES;
				CLANG_WARN_BOOL_CONVERSION = YES;
				CLANG_WARN_COMMA = YES;
				CLANG_WARN_CONSTANT_CONVERSION = YES;
				CLANG_WARN_DEPRECATED_OBJC_IMPLEMENTATIONS = YES;
				CLANG_WARN_DIRECT_OBJC_ISA_USAGE = YES_ERROR;
				CLANG_WARN_DOCUMENTATION_COMMENTS = YES;
				CLANG_WARN_EMPTY_BODY = YES;
				CLANG_WARN_ENUM_CONVERSION = YES;
				CLANG_WARN_INFINITE_RECURSION = YES;
				CLANG_WARN_INT_CONVERSION = YES;
				CLANG_WARN_NON_LITERAL_NULL_CONVERSION = YES;
				CLANG_WARN_OBJC_IMPLICIT_RETAIN_SELF = YES;
				CLANG_WARN_OBJC_LITERAL_CONVERSION = YES;
				CLANG_WARN_OBJC_ROOT_CLASS = YES_ERROR;
				CLANG_WARN_RANGE_LOOP_ANALYSIS = YES;
				CLANG_WARN_STRICT_PROTOTYPES = YES;
				CLANG_WARN_SUSPICIOUS_MOVE = YES;
				CLANG_WARN_UNGUARDED_AVAILABILITY = YES_AGGRESSIVE;
				CLANG_WARN_UNREACHABLE_CODE = YES;
				CLANG_WARN__DUPLICATE_METHOD_MATCH = YES;
				CODE_SIGN_IDENTITY = "iPhone Developer";
				COPY_PHASE_STRIP = NO;
				DEBUG_INFORMATION_FORMAT = "dwarf-with-dsym";
				ENABLE_NS_ASSERTIONS = NO;
				ENABLE_STRICT_OBJC_MSGSEND = YES;
				GCC_C_LANGUAGE_STANDARD = gnu11;
				GCC_NO_COMMON_BLOCKS = YES;
				GCC_WARN_64_TO_32_BIT_CONVERSION = YES;
				GCC_WARN_ABOUT_RETURN_TYPE = YES_ERROR;
				GCC_WARN_UNDECLARED_SELECTOR = YES;
				GCC_WARN_UNINITIALIZED_AUTOS = YES_AGGRESSIVE;
				GCC_WARN_UNUSED_FUNCTION = YES;
				GCC_WARN_UNUSED_VARIABLE = YES;
				IPHONEOS_DEPLOYMENT_TARGET = 11.4;
				MTL_ENABLE_DEBUG_INFO = NO;
				SDKROOT = iphoneos;
				SWIFT_COMPILATION_MODE = wholemodule;
				SWIFT_OPTIMIZATION_LEVEL = "-O";
				VALIDATE_PRODUCT = YES;
			};
			name = Release;
		};
		9D683EB9234B8C6E0060ECDE /* Debug */ = {
			isa = XCBuildConfiguration;
			baseConfigurationReference = 93DE64FBE60ADBA17002FE40 /* Pods-BeagleSort.debug.xcconfig */;
			buildSettings = {
				ASSETCATALOG_COMPILER_APPICON_NAME = AppIcon;
				CODE_SIGN_STYLE = Automatic;
				DEVELOPMENT_TEAM = H776QDNMS8;
				INFOPLIST_FILE = BeagleSort/Info.plist;
				LD_RUNPATH_SEARCH_PATHS = (
					"$(inherited)",
					"@executable_path/Frameworks",
				);
				PRODUCT_BUNDLE_IDENTIFIER = com.diaz.BeagleSort;
				PRODUCT_NAME = "$(TARGET_NAME)";
				SWIFT_VERSION = 4.0;
				TARGETED_DEVICE_FAMILY = "1,2";
			};
			name = Debug;
		};
		9D683EBA234B8C6E0060ECDE /* Release */ = {
			isa = XCBuildConfiguration;
			baseConfigurationReference = 896EBE0B9109963D8CF3545C /* Pods-BeagleSort.release.xcconfig */;
			buildSettings = {
				ASSETCATALOG_COMPILER_APPICON_NAME = AppIcon;
				CODE_SIGN_STYLE = Automatic;
				DEVELOPMENT_TEAM = H776QDNMS8;
				INFOPLIST_FILE = BeagleSort/Info.plist;
				LD_RUNPATH_SEARCH_PATHS = (
					"$(inherited)",
					"@executable_path/Frameworks",
				);
				PRODUCT_BUNDLE_IDENTIFIER = com.diaz.BeagleSort;
				PRODUCT_NAME = "$(TARGET_NAME)";
				SWIFT_VERSION = 4.0;
				TARGETED_DEVICE_FAMILY = "1,2";
			};
			name = Release;
		};
/* End XCBuildConfiguration section */

/* Begin XCConfigurationList section */
		9D683EA1234B8C6B0060ECDE /* Build configuration list for PBXProject "BeagleSort" */ = {
			isa = XCConfigurationList;
			buildConfigurations = (
				9D683EB6234B8C6E0060ECDE /* Debug */,
				9D683EB7234B8C6E0060ECDE /* Release */,
			);
			defaultConfigurationIsVisible = 0;
			defaultConfigurationName = Release;
		};
		9D683EB8234B8C6E0060ECDE /* Build configuration list for PBXNativeTarget "BeagleSort" */ = {
			isa = XCConfigurationList;
			buildConfigurations = (
				9D683EB9234B8C6E0060ECDE /* Debug */,
				9D683EBA234B8C6E0060ECDE /* Release */,
			);
			defaultConfigurationIsVisible = 0;
			defaultConfigurationName = Release;
		};
/* End XCConfigurationList section */
	};
	rootObject = 9D683E9E234B8C6B0060ECDE /* Project object */;
}
